
Microsoft Visual Studio Solution File, Format Version 12.00
# Visual Studio Version 17
VisualStudioVersion = 17.4.33213.308
MinimumVisualStudioVersion = 10.0.40219.1
Project("{FAE04EC0-301F-11D3-BF4B-00C04F79EFBC}") = "MovieApplication", "MovieApplication\MovieApplication.csproj", "{B16FBE80-7E0B-471C-ACBF-A2AC5F11040A}"
EndProject
Global
	GlobalSection(SolutionConfigurationPlatforms) = preSolution
		Debug|Any CPU = Debug|Any CPU
		Release|Any CPU = Release|Any CPU
	EndGlobalSection
	GlobalSection(ProjectConfigurationPlatforms) = postSolution
		{B16FBE80-7E0B-471C-ACBF-A2AC5F11040A}.Debug|Any CPU.ActiveCfg = Debug|Any CPU
		{B16FBE80-7E0B-471C-ACBF-A2AC5F11040A}.Debug|Any CPU.Build.0 = Debug|Any CPU
		{B16FBE80-7E0B-471C-ACBF-A2AC5F11040A}.Release|Any CPU.ActiveCfg = Release|Any CPU
		{B16FBE80-7E0B-471C-ACBF-A2AC5F11040A}.Release|Any CPU.Build.0 = Release|Any CPU
	EndGlobalSection
	GlobalSection(SolutionProperties) = preSolution
		HideSolutionNode = FALSE
	EndGlobalSection
	GlobalSection(ExtensibilityGlobals) = postSolution
		SolutionGuid = {02A4BFBF-7CCA-4AD9-BADD-90086A79573C}
	EndGlobalSection
EndGlobal
